// !$*UTF8*$!
{
	archiveVersion = 1;
	classes = {
	};
	objectVersion = 56;
	objects = {

/* Begin PBXBuildFile section */
		4A58EB5E2A078FF30059DBBB /* SimulatorView.swift in Sources */ = {isa = PBXBuildFile; fileRef = 4A58EB5D2A078FF30059DBBB /* SimulatorView.swift */; };
		4A58EB602A07EBD60059DBBB /* ScoreButton.swift in Sources */ = {isa = PBXBuildFile; fileRef = 4A58EB5F2A07EBD60059DBBB /* ScoreButton.swift */; };
		4A58EB622A07EC820059DBBB /* CircleLine.swift in Sources */ = {isa = PBXBuildFile; fileRef = 4A58EB612A07EC820059DBBB /* CircleLine.swift */; };
		4A8A12DD2A0681AA00F0B376 /* Main.swift in Sources */ = {isa = PBXBuildFile; fileRef = 4A8A12DC2A0681AA00F0B376 /* Main.swift */; };
		4A8A12E02A06838C00F0B376 /* InputForm.swift in Sources */ = {isa = PBXBuildFile; fileRef = 4A8A12DF2A06838C00F0B376 /* InputForm.swift */; };
		4A8A12E32A0683BA00F0B376 /* SimulatorViewModel.swift in Sources */ = {isa = PBXBuildFile; fileRef = 4A8A12E22A0683BA00F0B376 /* SimulatorViewModel.swift */; };
		4A8A12E52A0685BE00F0B376 /* AngularButton.swift in Sources */ = {isa = PBXBuildFile; fileRef = 4A8A12E42A0685BE00F0B376 /* AngularButton.swift */; };
		4A8A12E92A06865800F0B376 /* Modifiers.swift in Sources */ = {isa = PBXBuildFile; fileRef = 4A8A12E82A06865800F0B376 /* Modifiers.swift */; };
		4A8A12EB2A0686EC00F0B376 /* TextFieldModifier.swift in Sources */ = {isa = PBXBuildFile; fileRef = 4A8A12EA2A0686EC00F0B376 /* TextFieldModifier.swift */; };
		4AC6609C2A06792B0047BFBB /* VIRUSimApp.swift in Sources */ = {isa = PBXBuildFile; fileRef = 4AC6609B2A06792B0047BFBB /* VIRUSimApp.swift */; };
		4AC6609E2A06792B0047BFBB /* ContentView.swift in Sources */ = {isa = PBXBuildFile; fileRef = 4AC6609D2A06792B0047BFBB /* ContentView.swift */; };
		4AC660A02A06792F0047BFBB /* Assets.xcassets in Resources */ = {isa = PBXBuildFile; fileRef = 4AC6609F2A06792F0047BFBB /* Assets.xcassets */; };
		4AC660A32A06792F0047BFBB /* Preview Assets.xcassets in Resources */ = {isa = PBXBuildFile; fileRef = 4AC660A22A06792F0047BFBB /* Preview Assets.xcassets */; };
		4ADD9F0B2A0ABD78002417E5 /* InputDataModel.swift in Sources */ = {isa = PBXBuildFile; fileRef = 4ADD9F0A2A0ABD78002417E5 /* InputDataModel.swift */; };
		4ADD9F0E2A0B6909002417E5 /* LaunchScreen.storyboard in Resources */ = {isa = PBXBuildFile; fileRef = 4ADD9F0D2A0B6909002417E5 /* LaunchScreen.storyboard */; };
		4ADD9F102A0B79E1002417E5 /* StatisticsView.swift in Sources */ = {isa = PBXBuildFile; fileRef = 4ADD9F0F2A0B79E1002417E5 /* StatisticsView.swift */; };
/* End PBXBuildFile section */

/* Begin PBXFileReference section */
		4A58EB5D2A078FF30059DBBB /* SimulatorView.swift */ = {isa = PBXFileReference; lastKnownFileType = sourcecode.swift; path = SimulatorView.swift; sourceTree = "<group>"; };
		4A58EB5F2A07EBD60059DBBB /* ScoreButton.swift */ = {isa = PBXFileReference; lastKnownFileType = sourcecode.swift; path = ScoreButton.swift; sourceTree = "<group>"; };
		4A58EB612A07EC820059DBBB /* CircleLine.swift */ = {isa = PBXFileReference; lastKnownFileType = sourcecode.swift; path = CircleLine.swift; sourceTree = "<group>"; };
		4A8A12DC2A0681AA00F0B376 /* Main.swift */ = {isa = PBXFileReference; lastKnownFileType = sourcecode.swift; path = Main.swift; sourceTree = "<group>"; };
		4A8A12DF2A06838C00F0B376 /* InputForm.swift */ = {isa = PBXFileReference; lastKnownFileType = sourcecode.swift; path = InputForm.swift; sourceTree = "<group>"; };
		4A8A12E22A0683BA00F0B376 /* SimulatorViewModel.swift */ = {isa = PBXFileReference; lastKnownFileType = sourcecode.swift; path = SimulatorViewModel.swift; sourceTree = "<group>"; };
		4A8A12E42A0685BE00F0B376 /* AngularButton.swift */ = {isa = PBXFileReference; lastKnownFileType = sourcecode.swift; path = AngularButton.swift; sourceTree = "<group>"; };
		4A8A12E82A06865800F0B376 /* Modifiers.swift */ = {isa = PBXFileReference; lastKnownFileType = sourcecode.swift; path = Modifiers.swift; sourceTree = "<group>"; };
		4A8A12EA2A0686EC00F0B376 /* TextFieldModifier.swift */ = {isa = PBXFileReference; lastKnownFileType = sourcecode.swift; path = TextFieldModifier.swift; sourceTree = "<group>"; };
		4AC660982A06792B0047BFBB /* VIRUSim.app */ = {isa = PBXFileReference; explicitFileType = wrapper.application; includeInIndex = 0; path = VIRUSim.app; sourceTree = BUILT_PRODUCTS_DIR; };
		4AC6609B2A06792B0047BFBB /* VIRUSimApp.swift */ = {isa = PBXFileReference; lastKnownFileType = sourcecode.swift; path = VIRUSimApp.swift; sourceTree = "<group>"; };
		4AC6609D2A06792B0047BFBB /* ContentView.swift */ = {isa = PBXFileReference; lastKnownFileType = sourcecode.swift; path = ContentView.swift; sourceTree = "<group>"; };
		4AC6609F2A06792F0047BFBB /* Assets.xcassets */ = {isa = PBXFileReference; lastKnownFileType = folder.assetcatalog; path = Assets.xcassets; sourceTree = "<group>"; };
		4AC660A22A06792F0047BFBB /* Preview Assets.xcassets */ = {isa = PBXFileReference; lastKnownFileType = folder.assetcatalog; path = "Preview Assets.xcassets"; sourceTree = "<group>"; };
		4ADD9F0A2A0ABD78002417E5 /* InputDataModel.swift */ = {isa = PBXFileReference; lastKnownFileType = sourcecode.swift; path = InputDataModel.swift; sourceTree = "<group>"; };
		4ADD9F0C2A0AC495002417E5 /* Info.plist */ = {isa = PBXFileReference; lastKnownFileType = text.plist; path = Info.plist; sourceTree = "<group>"; };
		4ADD9F0D2A0B6909002417E5 /* LaunchScreen.storyboard */ = {isa = PBXFileReference; lastKnownFileType = file.storyboard; path = LaunchScreen.storyboard; sourceTree = "<group>"; };
		4ADD9F0F2A0B79E1002417E5 /* StatisticsView.swift */ = {isa = PBXFileReference; lastKnownFileType = sourcecode.swift; path = StatisticsView.swift; sourceTree = "<group>"; };
/* End PBXFileReference section */

/* Begin PBXFrameworksBuildPhase section */
		4AC660952A06792B0047BFBB /* Frameworks */ = {
			isa = PBXFrameworksBuildPhase;
			buildActionMask = 2147483647;
			files = (
			);
			runOnlyForDeploymentPostprocessing = 0;
		};
/* End PBXFrameworksBuildPhase section */

/* Begin PBXGroup section */
		4A8A12DA2A06816800F0B376 /* Views */ = {
			isa = PBXGroup;
			children = (
				4A8A12DF2A06838C00F0B376 /* InputForm.swift */,
				4A8A12DC2A0681AA00F0B376 /* Main.swift */,
				4A58EB5D2A078FF30059DBBB /* SimulatorView.swift */,
				4ADD9F0F2A0B79E1002417E5 /* StatisticsView.swift */,
			);
			path = Views;
			sourceTree = "<group>";
		};
		4A8A12DE2A06836B00F0B376 /* UIcomponents */ = {
			isa = PBXGroup;
			children = (
				4A8A12E42A0685BE00F0B376 /* AngularButton.swift */,
				4A8A12E82A06865800F0B376 /* Modifiers.swift */,
				4A8A12EA2A0686EC00F0B376 /* TextFieldModifier.swift */,
				4A58EB5F2A07EBD60059DBBB /* ScoreButton.swift */,
				4A58EB612A07EC820059DBBB /* CircleLine.swift */,
			);
			path = UIcomponents;
			sourceTree = "<group>";
		};
		4A8A12E12A06839300F0B376 /* Models */ = {
			isa = PBXGroup;
			children = (
				4ADD9F0A2A0ABD78002417E5 /* InputDataModel.swift */,
			);
			path = Models;
			sourceTree = "<group>";
		};
		4AAB392A2A09721B00AF89E7 /* ViewModels */ = {
			isa = PBXGroup;
			children = (
				4A8A12E22A0683BA00F0B376 /* SimulatorViewModel.swift */,
			);
			path = ViewModels;
			sourceTree = "<group>";
		};
		4AC6608F2A06792B0047BFBB = {
			isa = PBXGroup;
			children = (
				4AC6609A2A06792B0047BFBB /* VIRUSim */,
				4AC660992A06792B0047BFBB /* Products */,
			);
			sourceTree = "<group>";
		};
		4AC660992A06792B0047BFBB /* Products */ = {
			isa = PBXGroup;
			children = (
				4AC660982A06792B0047BFBB /* VIRUSim.app */,
			);
			name = Products;
			sourceTree = "<group>";
		};
		4AC6609A2A06792B0047BFBB /* VIRUSim */ = {
			isa = PBXGroup;
			children = (
				4ADD9F0C2A0AC495002417E5 /* Info.plist */,
				4AC6609B2A06792B0047BFBB /* VIRUSimApp.swift */,
				4AC6609D2A06792B0047BFBB /* ContentView.swift */,
				4A8A12E12A06839300F0B376 /* Models */,
				4AAB392A2A09721B00AF89E7 /* ViewModels */,
				4A8A12DE2A06836B00F0B376 /* UIcomponents */,
				4A8A12DA2A06816800F0B376 /* Views */,
				4AC6609F2A06792F0047BFBB /* Assets.xcassets */,
				4AC660A12A06792F0047BFBB /* Preview Content */,
				4ADD9F0D2A0B6909002417E5 /* LaunchScreen.storyboard */,
			);
			path = VIRUSim;
			sourceTree = "<group>";
		};
		4AC660A12A06792F0047BFBB /* Preview Content */ = {
			isa = PBXGroup;
			children = (
				4AC660A22A06792F0047BFBB /* Preview Assets.xcassets */,
			);
			path = "Preview Content";
			sourceTree = "<group>";
		};
/* End PBXGroup section */

/* Begin PBXNativeTarget section */
		4AC660972A06792B0047BFBB /* VIRUSim */ = {
			isa = PBXNativeTarget;
			buildConfigurationList = 4AC660A62A06792F0047BFBB /* Build configuration list for PBXNativeTarget "VIRUSim" */;
			buildPhases = (
				4AC660942A06792B0047BFBB /* Sources */,
				4AC660952A06792B0047BFBB /* Frameworks */,
				4AC660962A06792B0047BFBB /* Resources */,
			);
			buildRules = (
			);
			dependencies = (
			);
			name = VIRUSim;
			productName = VIRUSim;
			productReference = 4AC660982A06792B0047BFBB /* VIRUSim.app */;
			productType = "com.apple.product-type.application";
		};
/* End PBXNativeTarget section */

/* Begin PBXProject section */
		4AC660902A06792B0047BFBB /* Project object */ = {
			isa = PBXProject;
			attributes = {
				BuildIndependentTargetsInParallel = 1;
				LastSwiftUpdateCheck = 1430;
				LastUpgradeCheck = 1430;
				TargetAttributes = {
					4AC660972A06792B0047BFBB = {
						CreatedOnToolsVersion = 14.3;
					};
				};
			};
			buildConfigurationList = 4AC660932A06792B0047BFBB /* Build configuration list for PBXProject "VIRUSim" */;
			compatibilityVersion = "Xcode 14.0";
			developmentRegion = en;
			hasScannedForEncodings = 0;
			knownRegions = (
				en,
				Base,
			);
			mainGroup = 4AC6608F2A06792B0047BFBB;
			productRefGroup = 4AC660992A06792B0047BFBB /* Products */;
			projectDirPath = "";
			projectRoot = "";
			targets = (
				4AC660972A06792B0047BFBB /* VIRUSim */,
			);
		};
/* End PBXProject section */

/* Begin PBXResourcesBuildPhase section */
		4AC660962A06792B0047BFBB /* Resources */ = {
			isa = PBXResourcesBuildPhase;
			buildActionMask = 2147483647;
			files = (
				4ADD9F0E2A0B6909002417E5 /* LaunchScreen.storyboard in Resources */,
				4AC660A32A06792F0047BFBB /* Preview Assets.xcassets in Resources */,
				4AC660A02A06792F0047BFBB /* Assets.xcassets in Resources */,
			);
			runOnlyForDeploymentPostprocessing = 0;
		};
/* End PBXResourcesBuildPhase section */

/* Begin PBXSourcesBuildPhase section */
		4AC660942A06792B0047BFBB /* Sources */ = {
			isa = PBXSourcesBuildPhase;
			buildActionMask = 2147483647;
			files = (
				4A58EB622A07EC820059DBBB /* CircleLine.swift in Sources */,
				4A8A12DD2A0681AA00F0B376 /* Main.swift in Sources */,
				4AC6609E2A06792B0047BFBB /* ContentView.swift in Sources */,
				4ADD9F0B2A0ABD78002417E5 /* InputDataModel.swift in Sources */,
				4A8A12EB2A0686EC00F0B376 /* TextFieldModifier.swift in Sources */,
				4ADD9F102A0B79E1002417E5 /* StatisticsView.swift in Sources */,
				4A8A12E92A06865800F0B376 /* Modifiers.swift in Sources */,
				4A8A12E02A06838C00F0B376 /* InputForm.swift in Sources */,
				4A58EB5E2A078FF30059DBBB /* SimulatorView.swift in Sources */,
				4AC6609C2A06792B0047BFBB /* VIRUSimApp.swift in Sources */,
				4A8A12E52A0685BE00F0B376 /* AngularButton.swift in Sources */,
				4A58EB602A07EBD60059DBBB /* ScoreButton.swift in Sources */,
				4A8A12E32A0683BA00F0B376 /* SimulatorViewModel.swift in Sources */,
			);
			runOnlyForDeploymentPostprocessing = 0;
		};
/* End PBXSourcesBuildPhase section */

/* Begin XCBuildConfiguration section */
		4AC660A42A06792F0047BFBB /* Debug */ = {
			isa = XCBuildConfiguration;
			buildSettings = {
				ALWAYS_SEARCH_USER_PATHS = NO;
				CLANG_ANALYZER_NONNULL = YES;
				CLANG_ANALYZER_NUMBER_OBJECT_CONVERSION = YES_AGGRESSIVE;
				CLANG_CXX_LANGUAGE_STANDARD = "gnu++20";
				CLANG_ENABLE_MODULES = YES;
				CLANG_ENABLE_OBJC_ARC = YES;
				CLANG_ENABLE_OBJC_WEAK = YES;
				CLANG_WARN_BLOCK_CAPTURE_AUTORELEASING = YES;
				CLANG_WARN_BOOL_CONVERSION = YES;
				CLANG_WARN_COMMA = YES;
				CLANG_WARN_CONSTANT_CONVERSION = YES;
				CLANG_WARN_DEPRECATED_OBJC_IMPLEMENTATIONS = YES;
				CLANG_WARN_DIRECT_OBJC_ISA_USAGE = YES_ERROR;
				CLANG_WARN_DOCUMENTATION_COMMENTS = YES;
				CLANG_WARN_EMPTY_BODY = YES;
				CLANG_WARN_ENUM_CONVERSION = YES;
				CLANG_WARN_INFINITE_RECURSION = YES;
				CLANG_WARN_INT_CONVERSION = YES;
				CLANG_WARN_NON_LITERAL_NULL_CONVERSION = YES;
				CLANG_WARN_OBJC_IMPLICIT_RETAIN_SELF = YES;
				CLANG_WARN_OBJC_LITERAL_CONVERSION = YES;
				CLANG_WARN_OBJC_ROOT_CLASS = YES_ERROR;
				CLANG_WARN_QUOTED_INCLUDE_IN_FRAMEWORK_HEADER = YES;
				CLANG_WARN_RANGE_LOOP_ANALYSIS = YES;
				CLANG_WARN_STRICT_PROTOTYPES = YES;
				CLANG_WARN_SUSPICIOUS_MOVE = YES;
				CLANG_WARN_UNGUARDED_AVAILABILITY = YES_AGGRESSIVE;
				CLANG_WARN_UNREACHABLE_CODE = YES;
				CLANG_WARN__DUPLICATE_METHOD_MATCH = YES;
				COPY_PHASE_STRIP = NO;
				DEBUG_INFORMATION_FORMAT = dwarf;
				ENABLE_STRICT_OBJC_MSGSEND = YES;
				ENABLE_TESTABILITY = YES;
				GCC_C_LANGUAGE_STANDARD = gnu11;
				GCC_DYNAMIC_NO_PIC = NO;
				GCC_NO_COMMON_BLOCKS = YES;
				GCC_OPTIMIZATION_LEVEL = 0;
				GCC_PREPROCESSOR_DEFINITIONS = (
					"DEBUG=1",
					"$(inherited)",
				);
				GCC_WARN_64_TO_32_BIT_CONVERSION = YES;
				GCC_WARN_ABOUT_RETURN_TYPE = YES_ERROR;
				GCC_WARN_UNDECLARED_SELECTOR = YES;
				GCC_WARN_UNINITIALIZED_AUTOS = YES_AGGRESSIVE;
				GCC_WARN_UNUSED_FUNCTION = YES;
				GCC_WARN_UNUSED_VARIABLE = YES;
				IPHONEOS_DEPLOYMENT_TARGET = 16.4;
				MTL_ENABLE_DEBUG_INFO = INCLUDE_SOURCE;
				MTL_FAST_MATH = YES;
				ONLY_ACTIVE_ARCH = YES;
				SDKROOT = iphoneos;
				SWIFT_ACTIVE_COMPILATION_CONDITIONS = DEBUG;
				SWIFT_OPTIMIZATION_LEVEL = "-Onone";
			};
			name = Debug;
		};
		4AC660A52A06792F0047BFBB /* Release */ = {
			isa = XCBuildConfiguration;
			buildSettings = {
				ALWAYS_SEARCH_USER_PATHS = NO;
				CLANG_ANALYZER_NONNULL = YES;
				CLANG_ANALYZER_NUMBER_OBJECT_CONVERSION = YES_AGGRESSIVE;
				CLANG_CXX_LANGUAGE_STANDARD = "gnu++20";
				CLANG_ENABLE_MODULES = YES;
				CLANG_ENABLE_OBJC_ARC = YES;
				CLANG_ENABLE_OBJC_WEAK = YES;
				CLANG_WARN_BLOCK_CAPTURE_AUTORELEASING = YES;
				CLANG_WARN_BOOL_CONVERSION = YES;
				CLANG_WARN_COMMA = YES;
				CLANG_WARN_CONSTANT_CONVERSION = YES;
				CLANG_WARN_DEPRECATED_OBJC_IMPLEMENTATIONS = YES;
				CLANG_WARN_DIRECT_OBJC_ISA_USAGE = YES_ERROR;
				CLANG_WARN_DOCUMENTATION_COMMENTS = YES;
				CLANG_WARN_EMPTY_BODY = YES;
				CLANG_WARN_ENUM_CONVERSION = YES;
				CLANG_WARN_INFINITE_RECURSION = YES;
				CLANG_WARN_INT_CONVERSION = YES;
				CLANG_WARN_NON_LITERAL_NULL_CONVERSION = YES;
				CLANG_WARN_OBJC_IMPLICIT_RETAIN_SELF = YES;
				CLANG_WARN_OBJC_LITERAL_CONVERSION = YES;
				CLANG_WARN_OBJC_ROOT_CLASS = YES_ERROR;
				CLANG_WARN_QUOTED_INCLUDE_IN_FRAMEWORK_HEADER = YES;
				CLANG_WARN_RANGE_LOOP_ANALYSIS = YES;
				CLANG_WARN_STRICT_PROTOTYPES = YES;
				CLANG_WARN_SUSPICIOUS_MOVE = YES;
				CLANG_WARN_UNGUARDED_AVAILABILITY = YES_AGGRESSIVE;
				CLANG_WARN_UNREACHABLE_CODE = YES;
				CLANG_WARN__DUPLICATE_METHOD_MATCH = YES;
				COPY_PHASE_STRIP = NO;
				DEBUG_INFORMATION_FORMAT = "dwarf-with-dsym";
				ENABLE_NS_ASSERTIONS = NO;
				ENABLE_STRICT_OBJC_MSGSEND = YES;
				GCC_C_LANGUAGE_STANDARD = gnu11;
				GCC_NO_COMMON_BLOCKS = YES;
				GCC_WARN_64_TO_32_BIT_CONVERSION = YES;
				GCC_WARN_ABOUT_RETURN_TYPE = YES_ERROR;
				GCC_WARN_UNDECLARED_SELECTOR = YES;
				GCC_WARN_UNINITIALIZED_AUTOS = YES_AGGRESSIVE;
				GCC_WARN_UNUSED_FUNCTION = YES;
				GCC_WARN_UNUSED_VARIABLE = YES;
				IPHONEOS_DEPLOYMENT_TARGET = 16.4;
				MTL_ENABLE_DEBUG_INFO = NO;
				MTL_FAST_MATH = YES;
				SDKROOT = iphoneos;
				SWIFT_COMPILATION_MODE = wholemodule;
				SWIFT_OPTIMIZATION_LEVEL = "-O";
				VALIDATE_PRODUCT = YES;
			};
			name = Release;
		};
		4AC660A72A06792F0047BFBB /* Debug */ = {
			isa = XCBuildConfiguration;
			buildSettings = {
				ASSETCATALOG_COMPILER_APPICON_NAME = AppIcon;
				ASSETCATALOG_COMPILER_GLOBAL_ACCENT_COLOR_NAME = AccentColor;
				CODE_SIGN_STYLE = Automatic;
				CURRENT_PROJECT_VERSION = 1;
				DEVELOPMENT_ASSET_PATHS = "\"VIRUSim/Preview Content\"";
				DEVELOPMENT_TEAM = 2K6S6939RR;
				ENABLE_PREVIEWS = YES;
				GENERATE_INFOPLIST_FILE = YES;
				INFOPLIST_FILE = VIRUSim/Info.plist;
				INFOPLIST_KEY_UIApplicationSceneManifest_Generation = YES;
				INFOPLIST_KEY_UIApplicationSupportsIndirectInputEvents = YES;
				INFOPLIST_KEY_UILaunchStoryboardName = LaunchScreen.storyboard;
				INFOPLIST_KEY_UISupportedInterfaceOrientations = UIInterfaceOrientationPortrait;
				INFOPLIST_KEY_UISupportedInterfaceOrientations_iPad = "UIInterfaceOrientationLandscapeLeft UIInterfaceOrientationLandscapeRight UIInterfaceOrientationPortrait UIInterfaceOrientationPortraitUpsideDown";
				LD_RUNPATH_SEARCH_PATHS = (
					"$(inherited)",
					"@executable_path/Frameworks",
				);
				MARKETING_VERSION = 1.0;
				PRODUCT_BUNDLE_IDENTIFIER = va.spirchina.VIRUSim;
				PRODUCT_NAME = "$(TARGET_NAME)";
				SUPPORTED_PLATFORMS = "iphoneos iphonesimulator";
				SUPPORTS_MACCATALYST = NO;
				SUPPORTS_MAC_DESIGNED_FOR_IPHONE_IPAD = NO;
				SWIFT_EMIT_LOC_STRINGS = YES;
				SWIFT_VERSION = 5.0;
				TARGETED_DEVICE_FAMILY = 1;
			};
			name = Debug;
		};
		4AC660A82A06792F0047BFBB /* Release */ = {
			isa = XCBuildConfiguration;
			buildSettings = {
				ASSETCATALOG_COMPILER_APPICON_NAME = AppIcon;
				ASSETCATALOG_COMPILER_GLOBAL_ACCENT_COLOR_NAME = AccentColor;
				CODE_SIGN_STYLE = Automatic;
				CURRENT_PROJECT_VERSION = 1;
				DEVELOPMENT_ASSET_PATHS = "\"VIRUSim/Preview Content\"";
				DEVELOPMENT_TEAM = 2K6S6939RR;
				ENABLE_PREVIEWS = YES;
				GENERATE_INFOPLIST_FILE = YES;
				INFOPLIST_FILE = VIRUSim/Info.plist;
				INFOPLIST_KEY_UIApplicationSceneManifest_Generation = YES;
				INFOPLIST_KEY_UIApplicationSupportsIndirectInputEvents = YES;
				INFOPLIST_KEY_UILaunchStoryboardName = LaunchScreen.storyboard;
				INFOPLIST_KEY_UISupportedInterfaceOrientations = UIInterfaceOrientationPortrait;
				INFOPLIST_KEY_UISupportedInterfaceOrientations_iPad = "UIInterfaceOrientationLandscapeLeft UIInterfaceOrientationLandscapeRight UIInterfaceOrientationPortrait UIInterfaceOrientationPortraitUpsideDown";
				LD_RUNPATH_SEARCH_PATHS = (
					"$(inherited)",
					"@executable_path/Frameworks",
				);
				MARKETING_VERSION = 1.0;
				PRODUCT_BUNDLE_IDENTIFIER = va.spirchina.VIRUSim;
				PRODUCT_NAME = "$(TARGET_NAME)";
				SUPPORTED_PLATFORMS = "iphoneos iphonesimulator";
				SUPPORTS_MACCATALYST = NO;
				SUPPORTS_MAC_DESIGNED_FOR_IPHONE_IPAD = NO;
				SWIFT_EMIT_LOC_STRINGS = YES;
				SWIFT_VERSION = 5.0;
				TARGETED_DEVICE_FAMILY = 1;
			};
			name = Release;
		};
/* End XCBuildConfiguration section */

/* Begin XCConfigurationList section */
		4AC660932A06792B0047BFBB /* Build configuration list for PBXProject "VIRUSim" */ = {
			isa = XCConfigurationList;
			buildConfigurations = (
				4AC660A42A06792F0047BFBB /* Debug */,
				4AC660A52A06792F0047BFBB /* Release */,
			);
			defaultConfigurationIsVisible = 0;
			defaultConfigurationName = Release;
		};
		4AC660A62A06792F0047BFBB /* Build configuration list for PBXNativeTarget "VIRUSim" */ = {
			isa = XCConfigurationList;
			buildConfigurations = (
				4AC660A72A06792F0047BFBB /* Debug */,
				4AC660A82A06792F0047BFBB /* Release */,
			);
			defaultConfigurationIsVisible = 0;
			defaultConfigurationName = Release;
		};
/* End XCConfigurationList section */
	};
	rootObject = 4AC660902A06792B0047BFBB /* Project object */;
}
